// !$*UTF8*$!
{
	archiveVersion = 1;
	classes = {
	};
	objectVersion = 56;
	objects = {

/* Begin PBXBuildFile section */
		9E60743C2B5D7EC800934240 /* AppDelegate.swift in Sources */ = {isa = PBXBuildFile; fileRef = 9E60743B2B5D7EC800934240 /* AppDelegate.swift */; };
		9E60743E2B5D7EC800934240 /* SceneDelegate.swift in Sources */ = {isa = PBXBuildFile; fileRef = 9E60743D2B5D7EC800934240 /* SceneDelegate.swift */; };
		9E6074402B5D7EC800934240 /* WeatherViewController.swift in Sources */ = {isa = PBXBuildFile; fileRef = 9E60743F2B5D7EC800934240 /* WeatherViewController.swift */; };
		9E6074452B5D7EC900934240 /* Assets.xcassets in Resources */ = {isa = PBXBuildFile; fileRef = 9E6074442B5D7EC900934240 /* Assets.xcassets */; };
		9E6074482B5D7EC900934240 /* LaunchScreen.storyboard in Resources */ = {isa = PBXBuildFile; fileRef = 9E6074462B5D7EC900934240 /* LaunchScreen.storyboard */; };
		9E6074562B5D8C4E00934240 /* WeatherView.swift in Sources */ = {isa = PBXBuildFile; fileRef = 9E6074552B5D8C4E00934240 /* WeatherView.swift */; };
		9E6074582B5D9FBD00934240 /* WeatherAPI.swift in Sources */ = {isa = PBXBuildFile; fileRef = 9E6074572B5D9FBD00934240 /* WeatherAPI.swift */; };
		9E60745A2B5D9FEE00934240 /* WeatherData.swift in Sources */ = {isa = PBXBuildFile; fileRef = 9E6074592B5D9FEE00934240 /* WeatherData.swift */; };
		9E60745C2B5DA02200934240 /* WeatherModel.swift in Sources */ = {isa = PBXBuildFile; fileRef = 9E60745B2B5DA02200934240 /* WeatherModel.swift */; };
		9E60745E2B5DA07600934240 /* WeatherManager.swift in Sources */ = {isa = PBXBuildFile; fileRef = 9E60745D2B5DA07600934240 /* WeatherManager.swift */; };
/* End PBXBuildFile section */

/* Begin PBXFileReference section */
		9E6074382B5D7EC800934240 /* CityWeather.app */ = {isa = PBXFileReference; explicitFileType = wrapper.application; includeInIndex = 0; path = CityWeather.app; sourceTree = BUILT_PRODUCTS_DIR; };
		9E60743B2B5D7EC800934240 /* AppDelegate.swift */ = {isa = PBXFileReference; lastKnownFileType = sourcecode.swift; path = AppDelegate.swift; sourceTree = "<group>"; };
		9E60743D2B5D7EC800934240 /* SceneDelegate.swift */ = {isa = PBXFileReference; lastKnownFileType = sourcecode.swift; path = SceneDelegate.swift; sourceTree = "<group>"; };
		9E60743F2B5D7EC800934240 /* WeatherViewController.swift */ = {isa = PBXFileReference; lastKnownFileType = sourcecode.swift; path = WeatherViewController.swift; sourceTree = "<group>"; };
		9E6074442B5D7EC900934240 /* Assets.xcassets */ = {isa = PBXFileReference; lastKnownFileType = folder.assetcatalog; path = Assets.xcassets; sourceTree = "<group>"; };
		9E6074472B5D7EC900934240 /* Base */ = {isa = PBXFileReference; lastKnownFileType = file.storyboard; name = Base; path = Base.lproj/LaunchScreen.storyboard; sourceTree = "<group>"; };
		9E6074492B5D7EC900934240 /* Info.plist */ = {isa = PBXFileReference; lastKnownFileType = text.plist.xml; path = Info.plist; sourceTree = "<group>"; };
		9E6074552B5D8C4E00934240 /* WeatherView.swift */ = {isa = PBXFileReference; lastKnownFileType = sourcecode.swift; path = WeatherView.swift; sourceTree = "<group>"; };
		9E6074572B5D9FBD00934240 /* WeatherAPI.swift */ = {isa = PBXFileReference; lastKnownFileType = sourcecode.swift; path = WeatherAPI.swift; sourceTree = "<group>"; };
		9E6074592B5D9FEE00934240 /* WeatherData.swift */ = {isa = PBXFileReference; lastKnownFileType = sourcecode.swift; path = WeatherData.swift; sourceTree = "<group>"; };
		9E60745B2B5DA02200934240 /* WeatherModel.swift */ = {isa = PBXFileReference; lastKnownFileType = sourcecode.swift; path = WeatherModel.swift; sourceTree = "<group>"; };
		9E60745D2B5DA07600934240 /* WeatherManager.swift */ = {isa = PBXFileReference; lastKnownFileType = sourcecode.swift; path = WeatherManager.swift; sourceTree = "<group>"; };
/* End PBXFileReference section */

/* Begin PBXFrameworksBuildPhase section */
		9E6074352B5D7EC800934240 /* Frameworks */ = {
			isa = PBXFrameworksBuildPhase;
			buildActionMask = 2147483647;
			files = (
			);
			runOnlyForDeploymentPostprocessing = 0;
		};
/* End PBXFrameworksBuildPhase section */

/* Begin PBXGroup section */
		9E04D15B2B6E995F00F1CE46 /* Services */ = {
			isa = PBXGroup;
			children = (
				9E6074572B5D9FBD00934240 /* WeatherAPI.swift */,
				9E60745D2B5DA07600934240 /* WeatherManager.swift */,
			);
			path = Services;
			sourceTree = "<group>";
		};
		9E60742F2B5D7EC800934240 = {
			isa = PBXGroup;
			children = (
				9E60743A2B5D7EC800934240 /* CityWeather */,
				9E6074392B5D7EC800934240 /* Products */,
			);
			sourceTree = "<group>";
		};
		9E6074392B5D7EC800934240 /* Products */ = {
			isa = PBXGroup;
			children = (
				9E6074382B5D7EC800934240 /* CityWeather.app */,
			);
			name = Products;
			sourceTree = "<group>";
		};
		9E60743A2B5D7EC800934240 /* CityWeather */ = {
			isa = PBXGroup;
			children = (
				9E6074532B5D89A700934240 /* Model */,
				9E6074542B5D89B100934240 /* View */,
				9E6074522B5D899200934240 /* Controller */,
				9E04D15B2B6E995F00F1CE46 /* Services */,
				9E6074512B5D891D00934240 /* Other */,
				9E6074492B5D7EC900934240 /* Info.plist */,
			);
			path = CityWeather;
			sourceTree = "<group>";
		};
		9E6074512B5D891D00934240 /* Other */ = {
			isa = PBXGroup;
			children = (
				9E60743B2B5D7EC800934240 /* AppDelegate.swift */,
				9E60743D2B5D7EC800934240 /* SceneDelegate.swift */,
				9E6074442B5D7EC900934240 /* Assets.xcassets */,
				9E6074462B5D7EC900934240 /* LaunchScreen.storyboard */,
			);
			path = Other;
			sourceTree = "<group>";
		};
		9E6074522B5D899200934240 /* Controller */ = {
			isa = PBXGroup;
			children = (
				9E60743F2B5D7EC800934240 /* WeatherViewController.swift */,
			);
			path = Controller;
			sourceTree = "<group>";
		};
		9E6074532B5D89A700934240 /* Model */ = {
			isa = PBXGroup;
			children = (
				9E6074592B5D9FEE00934240 /* WeatherData.swift */,
				9E60745B2B5DA02200934240 /* WeatherModel.swift */,
			);
			path = Model;
			sourceTree = "<group>";
		};
		9E6074542B5D89B100934240 /* View */ = {
			isa = PBXGroup;
			children = (
				9E6074552B5D8C4E00934240 /* WeatherView.swift */,
			);
			path = View;
			sourceTree = "<group>";
		};
/* End PBXGroup section */

/* Begin PBXNativeTarget section */
		9E6074372B5D7EC800934240 /* CityWeather */ = {
			isa = PBXNativeTarget;
			buildConfigurationList = 9E60744C2B5D7EC900934240 /* Build configuration list for PBXNativeTarget "CityWeather" */;
			buildPhases = (
				9E6074342B5D7EC800934240 /* Sources */,
				9E6074352B5D7EC800934240 /* Frameworks */,
				9E6074362B5D7EC800934240 /* Resources */,
			);
			buildRules = (
			);
			dependencies = (
			);
			name = CityWeather;
			productName = CityWeather;
			productReference = 9E6074382B5D7EC800934240 /* CityWeather.app */;
			productType = "com.apple.product-type.application";
		};
/* End PBXNativeTarget section */

/* Begin PBXProject section */
		9E6074302B5D7EC800934240 /* Project object */ = {
			isa = PBXProject;
			attributes = {
				BuildIndependentTargetsInParallel = 1;
				LastSwiftUpdateCheck = 1510;
				LastUpgradeCheck = 1510;
				TargetAttributes = {
					9E6074372B5D7EC800934240 = {
						CreatedOnToolsVersion = 15.1;
					};
				};
			};
			buildConfigurationList = 9E6074332B5D7EC800934240 /* Build configuration list for PBXProject "CityWeather" */;
			compatibilityVersion = "Xcode 14.0";
			developmentRegion = en;
			hasScannedForEncodings = 0;
			knownRegions = (
				en,
				Base,
			);
			mainGroup = 9E60742F2B5D7EC800934240;
			productRefGroup = 9E6074392B5D7EC800934240 /* Products */;
			projectDirPath = "";
			projectRoot = "";
			targets = (
				9E6074372B5D7EC800934240 /* CityWeather */,
			);
		};
/* End PBXProject section */

/* Begin PBXResourcesBuildPhase section */
		9E6074362B5D7EC800934240 /* Resources */ = {
			isa = PBXResourcesBuildPhase;
			buildActionMask = 2147483647;
			files = (
				9E6074482B5D7EC900934240 /* LaunchScreen.storyboard in Resources */,
				9E6074452B5D7EC900934240 /* Assets.xcassets in Resources */,
			);
			runOnlyForDeploymentPostprocessing = 0;
		};
/* End PBXResourcesBuildPhase section */

/* Begin PBXSourcesBuildPhase section */
		9E6074342B5D7EC800934240 /* Sources */ = {
			isa = PBXSourcesBuildPhase;
			buildActionMask = 2147483647;
			files = (
				9E6074402B5D7EC800934240 /* WeatherViewController.swift in Sources */,
				9E60743C2B5D7EC800934240 /* AppDelegate.swift in Sources */,
				9E60745E2B5DA07600934240 /* WeatherManager.swift in Sources */,
				9E6074582B5D9FBD00934240 /* WeatherAPI.swift in Sources */,
				9E60745C2B5DA02200934240 /* WeatherModel.swift in Sources */,
				9E6074562B5D8C4E00934240 /* WeatherView.swift in Sources */,
				9E60745A2B5D9FEE00934240 /* WeatherData.swift in Sources */,
				9E60743E2B5D7EC800934240 /* SceneDelegate.swift in Sources */,
			);
			runOnlyForDeploymentPostprocessing = 0;
		};
/* End PBXSourcesBuildPhase section */

/* Begin PBXVariantGroup section */
		9E6074462B5D7EC900934240 /* LaunchScreen.storyboard */ = {
			isa = PBXVariantGroup;
			children = (
				9E6074472B5D7EC900934240 /* Base */,
			);
			name = LaunchScreen.storyboard;
			sourceTree = "<group>";
		};
/* End PBXVariantGroup section */

/* Begin XCBuildConfiguration section */
		9E60744A2B5D7EC900934240 /* Debug */ = {
			isa = XCBuildConfiguration;
			buildSettings = {
				ALWAYS_SEARCH_USER_PATHS = NO;
				ASSETCATALOG_COMPILER_GENERATE_SWIFT_ASSET_SYMBOL_EXTENSIONS = YES;
				CLANG_ANALYZER_NONNULL = YES;
				CLANG_ANALYZER_NUMBER_OBJECT_CONVERSION = YES_AGGRESSIVE;
				CLANG_CXX_LANGUAGE_STANDARD = "gnu++20";
				CLANG_ENABLE_MODULES = YES;
				CLANG_ENABLE_OBJC_ARC = YES;
				CLANG_ENABLE_OBJC_WEAK = YES;
				CLANG_WARN_BLOCK_CAPTURE_AUTORELEASING = YES;
				CLANG_WARN_BOOL_CONVERSION = YES;
				CLANG_WARN_COMMA = YES;
				CLANG_WARN_CONSTANT_CONVERSION = YES;
				CLANG_WARN_DEPRECATED_OBJC_IMPLEMENTATIONS = YES;
				CLANG_WARN_DIRECT_OBJC_ISA_USAGE = YES_ERROR;
				CLANG_WARN_DOCUMENTATION_COMMENTS = YES;
				CLANG_WARN_EMPTY_BODY = YES;
				CLANG_WARN_ENUM_CONVERSION = YES;
				CLANG_WARN_INFINITE_RECURSION = YES;
				CLANG_WARN_INT_CONVERSION = YES;
				CLANG_WARN_NON_LITERAL_NULL_CONVERSION = YES;
				CLANG_WARN_OBJC_IMPLICIT_RETAIN_SELF = YES;
				CLANG_WARN_OBJC_LITERAL_CONVERSION = YES;
				CLANG_WARN_OBJC_ROOT_CLASS = YES_ERROR;
				CLANG_WARN_QUOTED_INCLUDE_IN_FRAMEWORK_HEADER = YES;
				CLANG_WARN_RANGE_LOOP_ANALYSIS = YES;
				CLANG_WARN_STRICT_PROTOTYPES = YES;
				CLANG_WARN_SUSPICIOUS_MOVE = YES;
				CLANG_WARN_UNGUARDED_AVAILABILITY = YES_AGGRESSIVE;
				CLANG_WARN_UNREACHABLE_CODE = YES;
				CLANG_WARN__DUPLICATE_METHOD_MATCH = YES;
				COPY_PHASE_STRIP = NO;
				DEBUG_INFORMATION_FORMAT = dwarf;
				ENABLE_STRICT_OBJC_MSGSEND = YES;
				ENABLE_TESTABILITY = YES;
				ENABLE_USER_SCRIPT_SANDBOXING = YES;
				GCC_C_LANGUAGE_STANDARD = gnu17;
				GCC_DYNAMIC_NO_PIC = NO;
				GCC_NO_COMMON_BLOCKS = YES;
				GCC_OPTIMIZATION_LEVEL = 0;
				GCC_PREPROCESSOR_DEFINITIONS = (
					"DEBUG=1",
					"$(inherited)",
				);
				GCC_WARN_64_TO_32_BIT_CONVERSION = YES;
				GCC_WARN_ABOUT_RETURN_TYPE = YES_ERROR;
				GCC_WARN_UNDECLARED_SELECTOR = YES;
				GCC_WARN_UNINITIALIZED_AUTOS = YES_AGGRESSIVE;
				GCC_WARN_UNUSED_FUNCTION = YES;
				GCC_WARN_UNUSED_VARIABLE = YES;
				IPHONEOS_DEPLOYMENT_TARGET = 16.0;
				LOCALIZATION_PREFERS_STRING_CATALOGS = YES;
				MTL_ENABLE_DEBUG_INFO = INCLUDE_SOURCE;
				MTL_FAST_MATH = YES;
				ONLY_ACTIVE_ARCH = YES;
				SDKROOT = iphoneos;
				SWIFT_ACTIVE_COMPILATION_CONDITIONS = "DEBUG $(inherited)";
				SWIFT_OPTIMIZATION_LEVEL = "-Onone";
			};
			name = Debug;
		};
		9E60744B2B5D7EC900934240 /* Release */ = {
			isa = XCBuildConfiguration;
			buildSettings = {
				ALWAYS_SEARCH_USER_PATHS = NO;
				ASSETCATALOG_COMPILER_GENERATE_SWIFT_ASSET_SYMBOL_EXTENSIONS = YES;
				CLANG_ANALYZER_NONNULL = YES;
				CLANG_ANALYZER_NUMBER_OBJECT_CONVERSION = YES_AGGRESSIVE;
				CLANG_CXX_LANGUAGE_STANDARD = "gnu++20";
				CLANG_ENABLE_MODULES = YES;
				CLANG_ENABLE_OBJC_ARC = YES;
				CLANG_ENABLE_OBJC_WEAK = YES;
				CLANG_WARN_BLOCK_CAPTURE_AUTORELEASING = YES;
				CLANG_WARN_BOOL_CONVERSION = YES;
				CLANG_WARN_COMMA = YES;
				CLANG_WARN_CONSTANT_CONVERSION = YES;
				CLANG_WARN_DEPRECATED_OBJC_IMPLEMENTATIONS = YES;
				CLANG_WARN_DIRECT_OBJC_ISA_USAGE = YES_ERROR;
				CLANG_WARN_DOCUMENTATION_COMMENTS = YES;
				CLANG_WARN_EMPTY_BODY = YES;
				CLANG_WARN_ENUM_CONVERSION = YES;
				CLANG_WARN_INFINITE_RECURSION = YES;
				CLANG_WARN_INT_CONVERSION = YES;
				CLANG_WARN_NON_LITERAL_NULL_CONVERSION = YES;
				CLANG_WARN_OBJC_IMPLICIT_RETAIN_SELF = YES;
				CLANG_WARN_OBJC_LITERAL_CONVERSION = YES;
				CLANG_WARN_OBJC_ROOT_CLASS = YES_ERROR;
				CLANG_WARN_QUOTED_INCLUDE_IN_FRAMEWORK_HEADER = YES;
				CLANG_WARN_RANGE_LOOP_ANALYSIS = YES;
				CLANG_WARN_STRICT_PROTOTYPES = YES;
				CLANG_WARN_SUSPICIOUS_MOVE = YES;
				CLANG_WARN_UNGUARDED_AVAILABILITY = YES_AGGRESSIVE;
				CLANG_WARN_UNREACHABLE_CODE = YES;
				CLANG_WARN__DUPLICATE_METHOD_MATCH = YES;
				COPY_PHASE_STRIP = NO;
				DEBUG_INFORMATION_FORMAT = "dwarf-with-dsym";
				ENABLE_NS_ASSERTIONS = NO;
				ENABLE_STRICT_OBJC_MSGSEND = YES;
				ENABLE_USER_SCRIPT_SANDBOXING = YES;
				GCC_C_LANGUAGE_STANDARD = gnu17;
				GCC_NO_COMMON_BLOCKS = YES;
				GCC_WARN_64_TO_32_BIT_CONVERSION = YES;
				GCC_WARN_ABOUT_RETURN_TYPE = YES_ERROR;
				GCC_WARN_UNDECLARED_SELECTOR = YES;
				GCC_WARN_UNINITIALIZED_AUTOS = YES_AGGRESSIVE;
				GCC_WARN_UNUSED_FUNCTION = YES;
				GCC_WARN_UNUSED_VARIABLE = YES;
				IPHONEOS_DEPLOYMENT_TARGET = 16.0;
				LOCALIZATION_PREFERS_STRING_CATALOGS = YES;
				MTL_ENABLE_DEBUG_INFO = NO;
				MTL_FAST_MATH = YES;
				SDKROOT = iphoneos;
				SWIFT_COMPILATION_MODE = wholemodule;
				VALIDATE_PRODUCT = YES;
			};
			name = Release;
		};
		9E60744D2B5D7EC900934240 /* Debug */ = {
			isa = XCBuildConfiguration;
			buildSettings = {
				ASSETCATALOG_COMPILER_APPICON_NAME = AppIcon;
				ASSETCATALOG_COMPILER_GLOBAL_ACCENT_COLOR_NAME = AccentColor;
				CODE_SIGN_STYLE = Automatic;
				CURRENT_PROJECT_VERSION = 1;
				DEVELOPMENT_TEAM = KC5QBL2F3G;
				GENERATE_INFOPLIST_FILE = YES;
				INFOPLIST_FILE = CityWeather/Info.plist;
				INFOPLIST_KEY_CFBundleDisplayName = CityWeather;
				INFOPLIST_KEY_LSApplicationCategoryType = "public.app-category.weather";
				INFOPLIST_KEY_NSLocationWhenInUseUsageDescription = "We need your location to get the current weather for where you are.";
				INFOPLIST_KEY_UIApplicationSupportsIndirectInputEvents = YES;
				INFOPLIST_KEY_UILaunchStoryboardName = LaunchScreen;
				INFOPLIST_KEY_UISupportedInterfaceOrientations = UIInterfaceOrientationPortrait;
				LD_RUNPATH_SEARCH_PATHS = (
					"$(inherited)",
					"@executable_path/Frameworks",
				);
				MARKETING_VERSION = 1.0;
				PRODUCT_BUNDLE_IDENTIFIER = com.bulaatt.CityWeather;
				PRODUCT_NAME = "$(TARGET_NAME)";
				SUPPORTED_PLATFORMS = "iphoneos iphonesimulator";
				SUPPORTS_MACCATALYST = NO;
				SWIFT_EMIT_LOC_STRINGS = YES;
				SWIFT_VERSION = 5.0;
				TARGETED_DEVICE_FAMILY = 1;
			};
			name = Debug;
		};
		9E60744E2B5D7EC900934240 /* Release */ = {
			isa = XCBuildConfiguration;
			buildSettings = {
				ASSETCATALOG_COMPILER_APPICON_NAME = AppIcon;
				ASSETCATALOG_COMPILER_GLOBAL_ACCENT_COLOR_NAME = AccentColor;
				CODE_SIGN_STYLE = Automatic;
				CURRENT_PROJECT_VERSION = 1;
				DEVELOPMENT_TEAM = KC5QBL2F3G;
				GENERATE_INFOPLIST_FILE = YES;
				INFOPLIST_FILE = CityWeather/Info.plist;
				INFOPLIST_KEY_CFBundleDisplayName = CityWeather;
				INFOPLIST_KEY_LSApplicationCategoryType = "public.app-category.weather";
				INFOPLIST_KEY_NSLocationWhenInUseUsageDescription = "We need your location to get the current weather for where you are.";
				INFOPLIST_KEY_UIApplicationSupportsIndirectInputEvents = YES;
				INFOPLIST_KEY_UILaunchStoryboardName = LaunchScreen;
				INFOPLIST_KEY_UISupportedInterfaceOrientations = UIInterfaceOrientationPortrait;
				LD_RUNPATH_SEARCH_PATHS = (
					"$(inherited)",
					"@executable_path/Frameworks",
				);
				MARKETING_VERSION = 1.0;
				PRODUCT_BUNDLE_IDENTIFIER = com.bulaatt.CityWeather;
				PRODUCT_NAME = "$(TARGET_NAME)";
				SUPPORTED_PLATFORMS = "iphoneos iphonesimulator";
				SUPPORTS_MACCATALYST = NO;
				SWIFT_EMIT_LOC_STRINGS = YES;
				SWIFT_VERSION = 5.0;
				TARGETED_DEVICE_FAMILY = 1;
			};
			name = Release;
		};
/* End XCBuildConfiguration section */

/* Begin XCConfigurationList section */
		9E6074332B5D7EC800934240 /* Build configuration list for PBXProject "CityWeather" */ = {
			isa = XCConfigurationList;
			buildConfigurations = (
				9E60744A2B5D7EC900934240 /* Debug */,
				9E60744B2B5D7EC900934240 /* Release */,
			);
			defaultConfigurationIsVisible = 0;
			defaultConfigurationName = Release;
		};
		9E60744C2B5D7EC900934240 /* Build configuration list for PBXNativeTarget "CityWeather" */ = {
			isa = XCConfigurationList;
			buildConfigurations = (
				9E60744D2B5D7EC900934240 /* Debug */,
				9E60744E2B5D7EC900934240 /* Release */,
			);
			defaultConfigurationIsVisible = 0;
			defaultConfigurationName = Release;
		};
/* End XCConfigurationList section */
	};
	rootObject = 9E6074302B5D7EC800934240 /* Project object */;
}
